
Microsoft Visual Studio Solution File, Format Version 12.00
# Visual Studio Version 17
VisualStudioVersion = 17.5.33502.453
MinimumVisualStudioVersion = 10.0.40219.1
Project("{FAE04EC0-301F-11D3-BF4B-00C04F79EFBC}") = "td1", "td1\td1.csproj", "{F08D9F14-6E20-4C34-9F94-1BC1ED391CC2}"
EndProject
Global
	GlobalSection(SolutionConfigurationPlatforms) = preSolution
		Debug|Any CPU = Debug|Any CPU
		Release|Any CPU = Release|Any CPU
	EndGlobalSection
	GlobalSection(ProjectConfigurationPlatforms) = postSolution
		{F08D9F14-6E20-4C34-9F94-1BC1ED391CC2}.Debug|Any CPU.ActiveCfg = Debug|Any CPU
		{F08D9F14-6E20-4C34-9F94-1BC1ED391CC2}.Debug|Any CPU.Build.0 = Debug|Any CPU
		{F08D9F14-6E20-4C34-9F94-1BC1ED391CC2}.Release|Any CPU.ActiveCfg = Release|Any CPU
		{F08D9F14-6E20-4C34-9F94-1BC1ED391CC2}.Release|Any CPU.Build.0 = Release|Any CPU
	EndGlobalSection
	GlobalSection(SolutionProperties) = preSolution
		HideSolutionNode = FALSE
	EndGlobalSection
	GlobalSection(ExtensibilityGlobals) = postSolution
		SolutionGuid = {309F0A27-02A9-41A5-BE70-4BF0186AF760}
	EndGlobalSection
EndGlobal
